
Microsoft Visual Studio Solution File, Format Version 12.00
# Visual Studio Version 16
VisualStudioVersion = 16.0.28803.352
MinimumVisualStudioVersion = 10.0.40219.1
Project("{9A19103F-16F7-4668-BE54-9A1E7A4F7556}") = "MusicShop.WebAPI", "MusicShop.WebAPI\MusicShop.WebAPI.csproj", "{FFA55F30-534A-4BCD-B87A-D6B8B8C47856}"
EndProject
Project("{FAE04EC0-301F-11D3-BF4B-00C04F79EFBC}") = "MusicShop.WPFClient", "MusicShop.WPFClient\MusicShop.WPFClient.csproj", "{1D93F7B3-32A9-48F0-B520-B3C22EBA200F}"
EndProject
Global
	GlobalSection(SolutionConfigurationPlatforms) = preSolution
		Debug|Any CPU = Debug|Any CPU
		Release|Any CPU = Release|Any CPU
	EndGlobalSection
	GlobalSection(ProjectConfigurationPlatforms) = postSolution
		{FFA55F30-534A-4BCD-B87A-D6B8B8C47856}.Debug|Any CPU.ActiveCfg = Debug|Any CPU
		{FFA55F30-534A-4BCD-B87A-D6B8B8C47856}.Debug|Any CPU.Build.0 = Debug|Any CPU
		{FFA55F30-534A-4BCD-B87A-D6B8B8C47856}.Release|Any CPU.ActiveCfg = Release|Any CPU
		{FFA55F30-534A-4BCD-B87A-D6B8B8C47856}.Release|Any CPU.Build.0 = Release|Any CPU
		{1D93F7B3-32A9-48F0-B520-B3C22EBA200F}.Debug|Any CPU.ActiveCfg = Debug|Any CPU
		{1D93F7B3-32A9-48F0-B520-B3C22EBA200F}.Debug|Any CPU.Build.0 = Debug|Any CPU
		{1D93F7B3-32A9-48F0-B520-B3C22EBA200F}.Release|Any CPU.ActiveCfg = Release|Any CPU
		{1D93F7B3-32A9-48F0-B520-B3C22EBA200F}.Release|Any CPU.Build.0 = Release|Any CPU
	EndGlobalSection
	GlobalSection(SolutionProperties) = preSolution
		HideSolutionNode = FALSE
	EndGlobalSection
	GlobalSection(ExtensibilityGlobals) = postSolution
		SolutionGuid = {9BDC5B3D-D646-43A4-9A4C-1A6195DD026B}
	EndGlobalSection
EndGlobal
